
Microsoft Visual Studio Solution File, Format Version 12.00
# Visual Studio Version 16
VisualStudioVersion = 16.0.31729.503
MinimumVisualStudioVersion = 10.0.40219.1
Project("{FAE04EC0-301F-11D3-BF4B-00C04F79EFBC}") = "QLDanhMucKhoanThu", "QLDanhMucKhoanThu\QLDanhMucKhoanThu.csproj", "{1C6CB59E-1FFA-4C91-AC57-A0D52A8550D8}"
EndProject
Global
	GlobalSection(SolutionConfigurationPlatforms) = preSolution
		Debug|Any CPU = Debug|Any CPU
		Release|Any CPU = Release|Any CPU
	EndGlobalSection
	GlobalSection(ProjectConfigurationPlatforms) = postSolution
		{1C6CB59E-1FFA-4C91-AC57-A0D52A8550D8}.Debug|Any CPU.ActiveCfg = Debug|Any CPU
		{1C6CB59E-1FFA-4C91-AC57-A0D52A8550D8}.Debug|Any CPU.Build.0 = Debug|Any CPU
		{1C6CB59E-1FFA-4C91-AC57-A0D52A8550D8}.Release|Any CPU.ActiveCfg = Release|Any CPU
		{1C6CB59E-1FFA-4C91-AC57-A0D52A8550D8}.Release|Any CPU.Build.0 = Release|Any CPU
	EndGlobalSection
	GlobalSection(SolutionProperties) = preSolution
		HideSolutionNode = FALSE
	EndGlobalSection
	GlobalSection(ExtensibilityGlobals) = postSolution
		SolutionGuid = {5B900880-C101-4F9B-830C-1A07D1D5D9B3}
	EndGlobalSection
EndGlobal
